PODS:
  - CocoaAsyncSocket (7.6.2)

DEPENDENCIES:
  - CocoaAsyncSocket

SPEC REPOS:
  https://github.com/cocoapods/specs.git:
    - CocoaAsyncSocket

SPEC CHECKSUMS:
  CocoaAsyncSocket: 3541e024f48c54b251638ef72d51dd42808de932

PODFILE CHECKSUM: bbe021f8f4322221eebdc8cf6e10af4c39448bda

COCOAPODS: 1.5.3
